# This file is automatically @generated by Cargo.
# It is not intended for manual editing.
version = 4

[[package]]
name = "package_infos"
version = "0.1.0"
dependencies = [
 "rusttests",
]

[[package]]
name = "rusttests"
version = "1.1.0"
source = "git+https://github.com/nicls67/rusttests#18b02da0cb485b74b30ff43181f3fd95aa84a473"
